
Microsoft Visual Studio Solution File, Format Version 11.00
# Visual Studio 2010
Project("{FAE04EC0-301F-11D3-BF4B-00C04F79EFBC}") = "Services", "Services\Services.csproj", "{970731D7-33D3-4B48-9A8B-540C1D149458}"
EndProject
Project("{FAE04EC0-301F-11D3-BF4B-00C04F79EFBC}") = "Host", "Host\Host.csproj", "{C0F54379-599D-4C70-A590-1500215EFCEA}"
EndProject
Project("{FAE04EC0-301F-11D3-BF4B-00C04F79EFBC}") = "Client", "Client\Client.csproj", "{9619B032-83CC-47A4-A927-890DB8A7BEBF}"
EndProject
Project("{FAE04EC0-301F-11D3-BF4B-00C04F79EFBC}") = "WebClient", "WebClient\WebClient.csproj", "{B058216E-5F5A-4DEF-8C2F-66A175D3938A}"
EndProject
Project("{FAE04EC0-301F-11D3-BF4B-00C04F79EFBC}") = "NConfig", "..\NConfig\NConfig.csproj", "{0DE97382-565B-4083-AE6E-C3EA3B1AB83D}"
EndProject
Global
	GlobalSection(SolutionConfigurationPlatforms) = preSolution
		Debug|Any CPU = Debug|Any CPU
		Debug|Mixed Platforms = Debug|Mixed Platforms
		Debug|x86 = Debug|x86
		Release|Any CPU = Release|Any CPU
		Release|Mixed Platforms = Release|Mixed Platforms
		Release|x86 = Release|x86
	EndGlobalSection
	GlobalSection(ProjectConfigurationPlatforms) = postSolution
		{970731D7-33D3-4B48-9A8B-540C1D149458}.Debug|Any CPU.ActiveCfg = Debug|Any CPU
		{970731D7-33D3-4B48-9A8B-540C1D149458}.Debug|Any CPU.Build.0 = Debug|Any CPU
		{970731D7-33D3-4B48-9A8B-540C1D149458}.Debug|Mixed Platforms.ActiveCfg = Debug|Any CPU
		{970731D7-33D3-4B48-9A8B-540C1D149458}.Debug|Mixed Platforms.Build.0 = Debug|Any CPU
		{970731D7-33D3-4B48-9A8B-540C1D149458}.Debug|x86.ActiveCfg = Debug|Any CPU
		{970731D7-33D3-4B48-9A8B-540C1D149458}.Release|Any CPU.ActiveCfg = Release|Any CPU
		{970731D7-33D3-4B48-9A8B-540C1D149458}.Release|Any CPU.Build.0 = Release|Any CPU
		{970731D7-33D3-4B48-9A8B-540C1D149458}.Release|Mixed Platforms.ActiveCfg = Release|Any CPU
		{970731D7-33D3-4B48-9A8B-540C1D149458}.Release|Mixed Platforms.Build.0 = Release|Any CPU
		{970731D7-33D3-4B48-9A8B-540C1D149458}.Release|x86.ActiveCfg = Release|Any CPU
		{C0F54379-599D-4C70-A590-1500215EFCEA}.Debug|Any CPU.ActiveCfg = Debug|Any CPU
		{C0F54379-599D-4C70-A590-1500215EFCEA}.Debug|Any CPU.Build.0 = Debug|Any CPU
		{C0F54379-599D-4C70-A590-1500215EFCEA}.Debug|Mixed Platforms.ActiveCfg = Debug|Any CPU
		{C0F54379-599D-4C70-A590-1500215EFCEA}.Debug|Mixed Platforms.Build.0 = Debug|Any CPU
		{C0F54379-599D-4C70-A590-1500215EFCEA}.Debug|x86.ActiveCfg = Debug|Any CPU
		{C0F54379-599D-4C70-A590-1500215EFCEA}.Release|Any CPU.ActiveCfg = Release|Any CPU
		{C0F54379-599D-4C70-A590-1500215EFCEA}.Release|Any CPU.Build.0 = Release|Any CPU
		{C0F54379-599D-4C70-A590-1500215EFCEA}.Release|Mixed Platforms.ActiveCfg = Release|Any CPU
		{C0F54379-599D-4C70-A590-1500215EFCEA}.Release|Mixed Platforms.Build.0 = Release|Any CPU
		{C0F54379-599D-4C70-A590-1500215EFCEA}.Release|x86.ActiveCfg = Release|Any CPU
		{9619B032-83CC-47A4-A927-890DB8A7BEBF}.Debug|Any CPU.ActiveCfg = Debug|Any CPU
		{9619B032-83CC-47A4-A927-890DB8A7BEBF}.Debug|Any CPU.Build.0 = Debug|Any CPU
		{9619B032-83CC-47A4-A927-890DB8A7BEBF}.Debug|Mixed Platforms.ActiveCfg = Debug|Any CPU
		{9619B032-83CC-47A4-A927-890DB8A7BEBF}.Debug|Mixed Platforms.Build.0 = Debug|Any CPU
		{9619B032-83CC-47A4-A927-890DB8A7BEBF}.Debug|x86.ActiveCfg = Debug|Any CPU
		{9619B032-83CC-47A4-A927-890DB8A7BEBF}.Release|Any CPU.ActiveCfg = Release|Any CPU
		{9619B032-83CC-47A4-A927-890DB8A7BEBF}.Release|Any CPU.Build.0 = Release|Any CPU
		{9619B032-83CC-47A4-A927-890DB8A7BEBF}.Release|Mixed Platforms.ActiveCfg = Release|Any CPU
		{9619B032-83CC-47A4-A927-890DB8A7BEBF}.Release|Mixed Platforms.Build.0 = Release|Any CPU
		{9619B032-83CC-47A4-A927-890DB8A7BEBF}.Release|x86.ActiveCfg = Release|Any CPU
		{B058216E-5F5A-4DEF-8C2F-66A175D3938A}.Debug|Any CPU.ActiveCfg = Debug|Any CPU
		{B058216E-5F5A-4DEF-8C2F-66A175D3938A}.Debug|Any CPU.Build.0 = Debug|Any CPU
		{B058216E-5F5A-4DEF-8C2F-66A175D3938A}.Debug|Mixed Platforms.ActiveCfg = Debug|Any CPU
		{B058216E-5F5A-4DEF-8C2F-66A175D3938A}.Debug|Mixed Platforms.Build.0 = Debug|Any CPU
		{B058216E-5F5A-4DEF-8C2F-66A175D3938A}.Debug|x86.ActiveCfg = Debug|Any CPU
		{B058216E-5F5A-4DEF-8C2F-66A175D3938A}.Release|Any CPU.ActiveCfg = Release|Any CPU
		{B058216E-5F5A-4DEF-8C2F-66A175D3938A}.Release|Any CPU.Build.0 = Release|Any CPU
		{B058216E-5F5A-4DEF-8C2F-66A175D3938A}.Release|Mixed Platforms.ActiveCfg = Release|Any CPU
		{B058216E-5F5A-4DEF-8C2F-66A175D3938A}.Release|Mixed Platforms.Build.0 = Release|Any CPU
		{B058216E-5F5A-4DEF-8C2F-66A175D3938A}.Release|x86.ActiveCfg = Release|Any CPU
		{0DE97382-565B-4083-AE6E-C3EA3B1AB83D}.Debug|Any CPU.ActiveCfg = Debug|Any CPU
		{0DE97382-565B-4083-AE6E-C3EA3B1AB83D}.Debug|Any CPU.Build.0 = Debug|Any CPU
		{0DE97382-565B-4083-AE6E-C3EA3B1AB83D}.Debug|Mixed Platforms.ActiveCfg = Debug|Any CPU
		{0DE97382-565B-4083-AE6E-C3EA3B1AB83D}.Debug|Mixed Platforms.Build.0 = Debug|Any CPU
		{0DE97382-565B-4083-AE6E-C3EA3B1AB83D}.Debug|x86.ActiveCfg = Debug|Any CPU
		{0DE97382-565B-4083-AE6E-C3EA3B1AB83D}.Release|Any CPU.ActiveCfg = Release|Any CPU
		{0DE97382-565B-4083-AE6E-C3EA3B1AB83D}.Release|Any CPU.Build.0 = Release|Any CPU
		{0DE97382-565B-4083-AE6E-C3EA3B1AB83D}.Release|Mixed Platforms.ActiveCfg = Release|Any CPU
		{0DE97382-565B-4083-AE6E-C3EA3B1AB83D}.Release|Mixed Platforms.Build.0 = Release|Any CPU
		{0DE97382-565B-4083-AE6E-C3EA3B1AB83D}.Release|x86.ActiveCfg = Release|Any CPU
	EndGlobalSection
	GlobalSection(SolutionProperties) = preSolution
		HideSolutionNode = FALSE
	EndGlobalSection
EndGlobal
